{
  "name": "set Serial Number PurchaseOrder",
  "lockfileVersion": 3,
  "requires": true,
  "packages": {
    "": {
      "devDependencies": {
        "@hitc/netsuite-types": "^2023.1.10"
      }
    },
    "node_modules/@hitc/netsuite-types": {
      "version": "2023.1.10",
      "resolved": "https://registry.npmjs.org/@hitc/netsuite-types/-/netsuite-types-2023.1.10.tgz",
      "integrity": "sha512-0wWpT2YSNzr8gpnWOOfEO96I9sVvlzd/tkZ7GbaBFQnkCQvOIwhwXOn3Zc/eM+kfWfADYWhpuoWkXXHgGjtPMw==",
      "dev": true
    }
  }
}
